{
  "name": "web-admin",
  "version": "1.0.0",
  "lockfileVersion": 3,
  "requires": true,
  "packages": {
    "": {
      "name": "web-admin",
      "version": "1.0.0",
      "dependencies": {
        "@element-plus/icons-vue": "^2.3.1",
        "axios": "^1.6.0",
        "dayjs": "^1.11.10",
        "echarts": "^5.4.3",
        "element-plus": "^2.5.0",
        "pinia": "^2.1.7",
        "pinia-plugin-persistedstate": "^3.2.1",
        "socket.io-client": "^4.8.3",
        "vue": "^3.4.0",
        "vue-echarts": "^6.6.8",
        "vue-router": "^4.2.5"
      },
      "devDependencies": {
        "@vitejs/plugin-vue": "^5.0.0",
        "typescript": "^5.3.3",
        "unplugin-auto-import": "^0.17.0",
        "unplugin-vue-components": "^0.26.0",
        "vite": "^5.0.0",
        "vue-tsc": "^1.8.27"
      }
    },
    "../../node_modules/.pnpm/@element-plus+icons-vue@2.3.2_vue@3.5.34_typescript@5.9.3_/node_modules/@element-plus/icons-vue": {
      "version": "2.3.2",
      "license": "MIT",
      "devDependencies": {
        "@element-plus/icons-svg": "2.3.2",
        "@pnpm/find-workspace-dir": "^1000.1.2",
        "@pnpm/find-workspace-packages": "^6.0.9",
        "@pnpm/logger": "^1001.0.0",
        "@types/fs-extra": "^11.0.4",
        "@types/node": "^24.2.0",
        "camelcase": "^8.0.0",
        "chalk": "^5.5.0",
        "consola": "^3.4.2",
        "esbuild": "^0.25.8",
        "esbuild-plugin-globals": "^0.2.0",
        "fast-glob": "^3.3.3",
        "fs-extra": "^11.3.0",
        "npm-run-all": "^4.1.5",
        "prettier": "^3.6.2",
        "tsx": "^4.20.3",
        "typescript": "^5.9.2",
        "unplugin-vue": "^7.0.1",
        "vue": "^3.5.18",
        "vue-tsc": "^3.0.5"
      },
      "peerDependencies": {
        "vue": "^3.2.0"
      }
    },
    "../../node_modules/.pnpm/@vitejs+plugin-vue@5.2.4_vi_cab4c3fe18755e3e06923c9bcd89bd86/node_modules/@vitejs/plugin-vue": {
      "version": "5.2.4",
      "dev": true,
      "license": "MIT",
      "devDependencies": {
        "@jridgewell/gen-mapping": "^0.3.8",
        "@jridgewell/trace-mapping": "^0.3.25",
        "debug": "^4.4.0",
        "rollup": "^4.40.2",
        "slash": "^5.1.0",
        "source-map-js": "^1.2.1",
        "vite": "^6.3.5",
        "vue": "^3.5.13"
      },
      "engines": {
        "node": "^18.0.0 || >=20.0.0"
      },
      "peerDependencies": {
        "vite": "^5.0.0 || ^6.0.0",
        "vue": "^3.2.25"
      }
    },
    "../../node_modules/.pnpm/axios@1.16.1/node_modules/axios": {
      "version": "1.16.1",
      "license": "MIT",
      "dependencies": {
        "follow-redirects": "^1.16.0",
        "form-data": "^4.0.5",
        "https-proxy-agent": "^5.0.1",
        "proxy-from-env": "^2.1.0"
      },
      "devDependencies": {
        "@babel/core": "^7.29.0",
        "@babel/preset-env": "^7.29.2",
        "@commitlint/cli": "^20.5.0",
        "@commitlint/config-conventional": "^20.5.0",
        "@eslint/js": "^10.0.1",
        "@rollup/plugin-alias": "^6.0.0",
        "@rollup/plugin-babel": "^7.0.0",
        "@rollup/plugin-commonjs": "^29.0.2",
        "@rollup/plugin-json": "^6.1.0",
        "@rollup/plugin-node-resolve": "^16.0.3",
        "@rollup/plugin-terser": "^1.0.0",
        "@vitest/browser": "^4.1.5",
        "@vitest/browser-playwright": "^4.1.5",
        "abortcontroller-polyfill": "^1.7.8",
        "acorn": "^8.16.0",
        "body-parser": "^2.2.2",
        "chalk": "^5.6.2",
        "cross-env": "^10.1.0",
        "dev-null": "^0.1.1",
        "eslint": "^10.2.1",
        "express": "^5.2.1",
        "formdata-node": "^6.0.3",
        "formidable": "^3.5.4",
        "fs-extra": "^11.3.4",
        "get-stream": "^9.0.1",
        "globals": "^17.5.0",
        "gulp": "^5.0.1",
        "husky": "^9.1.7",
        "lint-staged": "^16.4.0",
        "minimist": "^1.2.8",
        "multer": "^2.1.1",
        "playwright": "^1.59.1",
        "prettier": "^3.8.3",
        "rollup": "^4.60.2",
        "rollup-plugin-bundle-size": "^1.0.3",
        "selfsigned": "^5.5.0",
        "stream-throttle": "^0.1.3",
        "typescript": "^5.9.3",
        "vitest": "^4.1.5"
      }
    },
    "../../node_modules/.pnpm/dayjs@1.11.20/node_modules/dayjs": {
      "version": "1.11.20",
      "license": "MIT",
      "devDependencies": {
        "@babel/cli": "^7.0.0-beta.44",
        "@babel/core": "^7.0.0-beta.44",
        "@babel/node": "^7.0.0-beta.44",
        "@babel/preset-env": "^7.0.0-beta.44",
        "@semantic-release/github": "^11.0.4",
        "babel-core": "^7.0.0-bridge.0",
        "babel-jest": "^22.4.3",
        "babel-plugin-external-helpers": "^6.22.0",
        "cross-env": "^5.1.6",
        "eslint": "^4.19.1",
        "eslint-config-airbnb-base": "^12.1.0",
        "eslint-plugin-import": "^2.10.0",
        "eslint-plugin-jest": "^21.15.0",
        "gzip-size-cli": "^2.1.0",
        "jasmine-core": "^2.99.1",
        "jest": "^22.4.3",
        "karma": "^2.0.2",
        "karma-jasmine": "^1.1.2",
        "karma-sauce-launcher": "^1.1.0",
        "mockdate": "^2.0.2",
        "moment": "2.29.2",
        "moment-timezone": "0.5.31",
        "ncp": "^2.0.0",
        "pre-commit": "^1.2.2",
        "prettier": "^1.16.1",
        "rollup": "^2.45.1",
        "rollup-plugin-babel": "^4.4.0",
        "rollup-plugin-terser": "^7.0.2",
        "size-limit": "^0.18.0",
        "typescript": "^2.8.3"
      }
    },
    "../../node_modules/.pnpm/echarts@5.6.0/node_modules/echarts": {
      "version": "5.6.0",
      "license": "Apache-2.0",
      "dependencies": {
        "tslib": "2.3.0",
        "zrender": "5.6.1"
      },
      "devDependencies": {
        "@babel/code-frame": "7.10.4",
        "@babel/core": "7.3.4",
        "@babel/types": "7.10.5",
        "@definitelytyped/typescript-versions": "^0.1.1",
        "@definitelytyped/utils": "0.0.188",
        "@lang/rollup-plugin-dts": "2.0.2",
        "@microsoft/api-extractor": "7.31.2",
        "@rollup/plugin-commonjs": "^17.0.0",
        "@rollup/plugin-node-resolve": "^11.0.0",
        "@rollup/plugin-replace": "^2.3.4",
        "@types/jest": "^26.0.14",
        "@typescript-eslint/eslint-plugin": "^4.33.0",
        "@typescript-eslint/parser": "^4.33.0",
        "chalk": "^3.0.0",
        "commander": "2.11.0",
        "dtslint": "^4.0.5",
        "esbuild": "^0.8.39",
        "eslint": "^7.15.0",
        "fs-extra": "^10.0.0",
        "globby": "11.0.0",
        "husky": "^8.0.3",
        "jest": "^26.6.1",
        "jest-canvas-mock": "^2.5.0",
        "jshint": "2.13.5",
        "magic-string": "^0.25.7",
        "open": "6.4.0",
        "rollup": "2.34.2",
        "rollup-plugin-terser": "^7.0.2",
        "seedrandom": "3.0.3",
        "semver": "6.3.0",
        "terser": "^5.16.1",
        "ts-jest": "^26.4.3",
        "typescript": "4.4.3"
      }
    },
    "../../node_modules/.pnpm/element-plus@2.14.0_vue@3.5.34_typescript@5.9.3_/node_modules/element-plus": {
      "version": "2.14.0",
      "license": "MIT",
      "dependencies": {
        "@ctrl/tinycolor": "^4.2.0",
        "@element-plus/icons-vue": "^2.3.2",
        "@floating-ui/dom": "^1.0.1",
        "@popperjs/core": "npm:@sxzz/popperjs-es@^2.11.8",
        "@types/lodash": "^4.17.24",
        "@types/lodash-es": "^4.17.12",
        "@vueuse/core": "14.3.0",
        "async-validator": "^4.2.5",
        "dayjs": "^1.11.20",
        "lodash": "^4.18.1",
        "lodash-es": "^4.18.1",
        "lodash-unified": "^1.0.3",
        "memoize-one": "^6.0.0",
        "normalize-wheel-es": "^1.2.0",
        "vue-component-type-helpers": "^3.2.8"
      },
      "devDependencies": {
        "@types/node": "*",
        "vue-router": "^5.0.6"
      },
      "peerDependencies": {
        "vue": "^3.3.7"
      }
    },
    "../../node_modules/.pnpm/pinia-plugin-persistedstate_8fc0cb12b5126b38acbccbe8b915402f/node_modules/pinia-plugin-persistedstate": {
      "version": "3.2.3",
      "license": "MIT",
      "devDependencies": {
        "pinia": "^2.1.7"
      },
      "peerDependencies": {
        "pinia": "^2.0.0"
      }
    },
    "../../node_modules/.pnpm/pinia@2.3.1_typescript@5.9.3_vue@3.5.34_typescript@5.9.3_/node_modules/pinia": {
      "version": "2.3.1",
      "license": "MIT",
      "dependencies": {
        "@vue/devtools-api": "^6.6.3",
        "vue-demi": "^0.14.10"
      },
      "devDependencies": {
        "@microsoft/api-extractor": "7.48.0",
        "@vue/test-utils": "^2.4.6"
      },
      "funding": {
        "url": "https://github.com/sponsors/posva"
      },
      "peerDependencies": {
        "typescript": ">=4.4.4",
        "vue": "^2.7.0 || ^3.5.11"
      },
      "peerDependenciesMeta": {
        "typescript": {
          "optional": true
        }
      }
    },
    "../../node_modules/.pnpm/typescript@5.9.3/node_modules/typescript": {
      "version": "5.9.3",
      "dev": true,
      "license": "Apache-2.0",
      "bin": {
        "tsc": "bin/tsc",
        "tsserver": "bin/tsserver"
      },
      "devDependencies": {
        "@dprint/formatter": "^0.4.1",
        "@dprint/typescript": "0.93.4",
        "@esfx/canceltoken": "^1.0.0",
        "@eslint/js": "^9.20.0",
        "@octokit/rest": "^21.1.1",
        "@types/chai": "^4.3.20",
        "@types/diff": "^7.0.1",
        "@types/minimist": "^1.2.5",
        "@types/mocha": "^10.0.10",
        "@types/ms": "^0.7.34",
        "@types/node": "latest",
        "@types/source-map-support": "^0.5.10",
        "@types/which": "^3.0.4",
        "@typescript-eslint/rule-tester": "^8.24.1",
        "@typescript-eslint/type-utils": "^8.24.1",
        "@typescript-eslint/utils": "^8.24.1",
        "azure-devops-node-api": "^14.1.0",
        "c8": "^10.1.3",
        "chai": "^4.5.0",
        "chokidar": "^4.0.3",
        "diff": "^7.0.0",
        "dprint": "^0.49.0",
        "esbuild": "^0.25.0",
        "eslint": "^9.20.1",
        "eslint-formatter-autolinkable-stylish": "^1.4.0",
        "eslint-plugin-regexp": "^2.7.0",
        "fast-xml-parser": "^4.5.2",
        "glob": "^10.4.5",
        "globals": "^15.15.0",
        "hereby": "^1.10.0",
        "jsonc-parser": "^3.3.1",
        "knip": "^5.44.4",
        "minimist": "^1.2.8",
        "mocha": "^10.8.2",
        "mocha-fivemat-progress-reporter": "^0.1.0",
        "monocart-coverage-reports": "^2.12.1",
        "ms": "^2.1.3",
        "picocolors": "^1.1.1",
        "playwright": "^1.50.1",
        "source-map-support": "^0.5.21",
        "tslib": "^2.8.1",
        "typescript": "^5.7.3",
        "typescript-eslint": "^8.24.1",
        "which": "^3.0.1"
      },
      "engines": {
        "node": ">=14.17"
      }
    },
    "../../node_modules/.pnpm/unplugin-auto-import@0.17.8_fc310e8388b03f1702c537344e258970/node_modules/unplugin-auto-import": {
      "version": "0.17.8",
      "dev": true,
      "license": "MIT",
      "dependencies": {
        "@antfu/utils": "^0.7.10",
        "@rollup/pluginutils": "^5.1.0",
        "fast-glob": "^3.3.2",
        "local-pkg": "^0.5.0",
        "magic-string": "^0.30.10",
        "minimatch": "^9.0.4",
        "unimport": "^3.7.2",
        "unplugin": "^1.11.0"
      },
      "devDependencies": {
        "@antfu/eslint-config": "^2.22.0",
        "@antfu/ni": "^0.21.12",
        "@nuxt/kit": "^3.12.3",
        "@svgr/plugin-jsx": "^8.1.0",
        "@types/node": "^20.14.10",
        "@types/resolve": "^1.20.6",
        "@vueuse/metadata": "^10.11.0",
        "bumpp": "^9.4.1",
        "eslint": "^9.6.0",
        "esno": "^4.7.0",
        "publint": "^0.2.8",
        "rollup": "^4.18.1",
        "tsup": "^8.1.0",
        "typescript": "^5.5.3",
        "vite": "^5.3.3",
        "vitest": "^2.0.2",
        "webpack": "^5.92.1"
      },
      "engines": {
        "node": ">=14"
      },
      "funding": {
        "url": "https://github.com/sponsors/antfu"
      },
      "peerDependencies": {
        "@nuxt/kit": "^3.2.2",
        "@vueuse/core": "*"
      },
      "peerDependenciesMeta": {
        "@nuxt/kit": {
          "optional": true
        },
        "@vueuse/core": {
          "optional": true
        }
      }
    },
    "../../node_modules/.pnpm/unplugin-vue-components@0.2_61dd14881783c0313efc9ffefbf25755/node_modules/unplugin-vue-components": {
      "version": "0.26.0",
      "dev": true,
      "license": "MIT",
      "dependencies": {
        "@antfu/utils": "^0.7.6",
        "@rollup/pluginutils": "^5.0.4",
        "chokidar": "^3.5.3",
        "debug": "^4.3.4",
        "fast-glob": "^3.3.1",
        "local-pkg": "^0.4.3",
        "magic-string": "^0.30.3",
        "minimatch": "^9.0.3",
        "resolve": "^1.22.4",
        "unplugin": "^1.4.0"
      },
      "devDependencies": {
        "@antfu/eslint-config": "^0.42.0",
        "@babel/parser": "^7.22.16",
        "@babel/types": "^7.22.17",
        "@nuxt/kit": "^3.7.3",
        "@types/debug": "^4.1.8",
        "@types/minimatch": "^5.1.2",
        "@types/node": "^20.6.0",
        "@types/resolve": "^1.20.2",
        "@typescript-eslint/eslint-plugin": "^6.7.0",
        "bumpp": "^9.2.0",
        "compare-versions": "^6.1.0",
        "element-plus": "^2.3.12",
        "eslint": "^8.49.0",
        "esno": "^0.17.0",
        "estree-walker": "^3.0.3",
        "pathe": "^1.1.1",
        "rollup": "^3.29.1",
        "tsup": "^7.2.0",
        "typescript": "^5.2.2",
        "vite": "^4.4.9",
        "vitest": "^0.34.4",
        "vue": "3.2.45"
      },
      "engines": {
        "node": ">=14"
      },
      "funding": {
        "url": "https://github.com/sponsors/antfu"
      },
      "peerDependencies": {
        "@babel/parser": "^7.15.8",
        "@nuxt/kit": "^3.2.2",
        "vue": "2 || 3"
      },
      "peerDependenciesMeta": {
        "@babel/parser": {
          "optional": true
        },
        "@nuxt/kit": {
          "optional": true
        }
      }
    },
    "../../node_modules/.pnpm/vite@5.4.21_@types+node@20.19.41_terser@5.47.1/node_modules/vite": {
      "version": "5.4.21",
      "dev": true,
      "license": "MIT",
      "dependencies": {
        "esbuild": "^0.21.3",
        "postcss": "^8.4.43",
        "rollup": "^4.20.0"
      },
      "bin": {
        "vite": "bin/vite.js"
      },
      "devDependencies": {
        "@ampproject/remapping": "^2.3.0",
        "@babel/parser": "^7.25.6",
        "@jridgewell/trace-mapping": "^0.3.25",
        "@polka/compression": "^1.0.0-next.25",
        "@rollup/plugin-alias": "^5.1.0",
        "@rollup/plugin-commonjs": "^26.0.1",
        "@rollup/plugin-dynamic-import-vars": "^2.1.2",
        "@rollup/plugin-json": "^6.1.0",
        "@rollup/plugin-node-resolve": "15.2.3",
        "@rollup/pluginutils": "^5.1.0",
        "@types/escape-html": "^1.0.4",
        "@types/pnpapi": "^0.0.5",
        "artichokie": "^0.2.1",
        "cac": "^6.7.14",
        "chokidar": "^3.6.0",
        "connect": "^3.7.0",
        "convert-source-map": "^2.0.0",
        "cors": "^2.8.5",
        "cross-spawn": "^7.0.3",
        "debug": "^4.3.6",
        "dep-types": "link:./src/types",
        "dotenv": "^16.4.5",
        "dotenv-expand": "^11.0.6",
        "es-module-lexer": "^1.5.4",
        "escape-html": "^1.0.3",
        "estree-walker": "^3.0.3",
        "etag": "^1.8.1",
        "fast-glob": "^3.3.2",
        "http-proxy": "^1.18.1",
        "launch-editor-middleware": "^2.9.1",
        "lightningcss": "^1.26.0",
        "magic-string": "^0.30.11",
        "micromatch": "^4.0.8",
        "mlly": "^1.7.1",
        "mrmime": "^2.0.0",
        "open": "^8.4.2",
        "parse5": "^7.1.2",
        "pathe": "^1.1.2",
        "periscopic": "^4.0.2",
        "picocolors": "^1.0.1",
        "picomatch": "^2.3.1",
        "postcss-import": "^16.1.0",
        "postcss-load-config": "^4.0.2",
        "postcss-modules": "^6.0.0",
        "resolve.exports": "^2.0.2",
        "rollup-plugin-dts": "^6.1.1",
        "rollup-plugin-esbuild": "^6.1.1",
        "rollup-plugin-license": "^3.5.2",
        "sass": "^1.77.8",
        "sass-embedded": "^1.77.8",
        "sirv": "^2.0.4",
        "source-map-support": "^0.5.21",
        "strip-ansi": "^7.1.0",
        "strip-literal": "^2.1.0",
        "tsconfck": "^3.1.4",
        "tslib": "^2.7.0",
        "types": "link:./types",
        "ufo": "^1.5.4",
        "ws": "^8.18.0"
      },
      "engines": {
        "node": "^18.0.0 || >=20.0.0"
      },
      "funding": {
        "url": "https://github.com/vitejs/vite?sponsor=1"
      },
      "optionalDependencies": {
        "fsevents": "~2.3.3"
      },
      "peerDependencies": {
        "@types/node": "^18.0.0 || >=20.0.0",
        "less": "*",
        "lightningcss": "^1.21.0",
        "sass": "*",
        "sass-embedded": "*",
        "stylus": "*",
        "sugarss": "*",
        "terser": "^5.4.0"
      },
      "peerDependenciesMeta": {
        "@types/node": {
          "optional": true
        },
        "less": {
          "optional": true
        },
        "lightningcss": {
          "optional": true
        },
        "sass": {
          "optional": true
        },
        "sass-embedded": {
          "optional": true
        },
        "stylus": {
          "optional": true
        },
        "sugarss": {
          "optional": true
        },
        "terser": {
          "optional": true
        }
      }
    },
    "../../node_modules/.pnpm/vue-echarts@6.7.3_@vue+runt_921c7deec5b522836fe64d8482251a4e/node_modules/vue-echarts": {
      "version": "6.7.3",
      "hasInstallScript": true,
      "license": "MIT",
      "dependencies": {
        "resize-detector": "^0.3.0",
        "vue-demi": "^0.13.11"
      },
      "devDependencies": {
        "@babel/core": "^7.24.4",
        "@highlightjs/vue-plugin": "^2.1.0",
        "@rollup/plugin-node-resolve": "^15.2.3",
        "@rollup/plugin-replace": "^5.0.5",
        "@rollup/plugin-terser": "^0.4.4",
        "@typescript-eslint/eslint-plugin": "^4.33.0",
        "@typescript-eslint/parser": "^4.33.0",
        "@vercel/analytics": "^1.2.2",
        "@vue/cli-plugin-babel": "^5.0.8",
        "@vue/cli-plugin-eslint": "^5.0.8",
        "@vue/cli-plugin-typescript": "^5.0.8",
        "@vue/cli-service": "^5.0.8",
        "@vue/compiler-sfc": "^3.4.24",
        "@vue/composition-api": "^1.7.2",
        "@vue/eslint-config-prettier": "^6.0.0",
        "@vue/eslint-config-typescript": "^10.0.0",
        "@vueuse/core": "^10.9.0",
        "comment-mark": "^1.1.1",
        "core-js": "^3.37.0",
        "echarts": "^5.5.0",
        "echarts-gl": "^2.0.9",
        "echarts-liquidfill": "^3.1.0",
        "esbuild-wasm": "^0.19.12",
        "eslint": "^7.32.0",
        "eslint-plugin-prettier": "^3.4.1",
        "eslint-plugin-vue": "^8.7.1",
        "highlight.js": "^11.9.0",
        "pinia": "^2.1.7",
        "postcss": "^8.4.38",
        "postcss-loader": "^5.3.0",
        "postcss-nested": "^5.0.6",
        "prettier": "^2.8.8",
        "raw-loader": "^4.0.2",
        "resize-detector": "^0.3.0",
        "rimraf": "^3.0.2",
        "rollup": "^2.79.1",
        "rollup-plugin-dts": "^4.2.3",
        "rollup-plugin-styles": "^4.0.0",
        "rollup-plugin-ts": "^2.0.7",
        "tslib": "^2.6.2",
        "typescript": "4.6.4",
        "vue": "^3.4.24",
        "vue2": "npm:vue@^2.7.16",
        "webpack": "^5.91.0"
      },
      "peerDependencies": {
        "@vue/composition-api": "^1.0.5",
        "@vue/runtime-core": "^3.0.0",
        "echarts": "^5.4.1",
        "vue": "^2.6.12 || ^3.1.1"
      },
      "peerDependenciesMeta": {
        "@vue/composition-api": {
          "optional": true
        },
        "@vue/runtime-core": {
          "optional": true
        }
      }
    },
    "../../node_modules/.pnpm/vue-router@4.6.4_vue@3.5.34_typescript@5.9.3_/node_modules/vue-router": {
      "version": "4.6.4",
      "license": "MIT",
      "dependencies": {
        "@vue/devtools-api": "^6.6.4"
      },
      "devDependencies": {
        "@rollup/plugin-commonjs": "^28.0.7",
        "@rollup/plugin-node-resolve": "^16.0.3",
        "@rollup/plugin-replace": "^6.0.2",
        "@rollup/plugin-terser": "^0.4.4",
        "@types/jsdom": "^21.1.7",
        "@types/nightwatch": "^2.3.32",
        "@typescript/native-preview": "7.0.0-dev.20251013.1",
        "@vitejs/plugin-vue": "^6.0.1",
        "@vue/compiler-sfc": "~3.5.22",
        "@vue/server-renderer": "~3.5.22",
        "@vue/test-utils": "^2.4.6",
        "browserstack-local": "^1.5.8",
        "chromedriver": "^138.0.5",
        "connect-history-api-fallback": "^1.6.0",
        "dotenv": "^17.2.3",
        "faked-promise": "^2.2.2",
        "geckodriver": "^6.0.2",
        "happy-dom": "^20.0.0",
        "nightwatch": "^3.12.2",
        "nightwatch-helpers": "^1.2.0",
        "rimraf": "^6.0.1",
        "rollup": "^4.52.4",
        "rollup-plugin-typescript2": "^0.36.0",
        "tsdown": "^0.17.2",
        "tsup": "^8.5.0",
        "vite": "^7.1.10",
        "vue": "~3.6.0-alpha.2"
      },
      "funding": {
        "url": "https://github.com/sponsors/posva"
      },
      "peerDependencies": {
        "vue": "^3.5.0"
      }
    },
    "../../node_modules/.pnpm/vue-tsc@1.8.27_typescript@5.9.3/node_modules/vue-tsc": {
      "version": "1.8.27",
      "dev": true,
      "license": "MIT",
      "dependencies": {
        "@volar/typescript": "~1.11.1",
        "@vue/language-core": "1.8.27",
        "semver": "^7.5.4"
      },
      "bin": {
        "vue-tsc": "bin/vue-tsc.js"
      },
      "devDependencies": {
        "@types/node": "latest"
      },
      "peerDependencies": {
        "typescript": "*"
      }
    },
    "../../node_modules/.pnpm/vue@3.5.34_typescript@5.9.3/node_modules/vue": {
      "version": "3.5.34",
      "license": "MIT",
      "dependencies": {
        "@vue/compiler-dom": "3.5.34",
        "@vue/compiler-sfc": "3.5.34",
        "@vue/runtime-dom": "3.5.34",
        "@vue/server-renderer": "3.5.34",
        "@vue/shared": "3.5.34"
      },
      "peerDependencies": {
        "typescript": "*"
      },
      "peerDependenciesMeta": {
        "typescript": {
          "optional": true
        }
      }
    },
    "node_modules/@element-plus/icons-vue": {
      "resolved": "../../node_modules/.pnpm/@element-plus+icons-vue@2.3.2_vue@3.5.34_typescript@5.9.3_/node_modules/@element-plus/icons-vue",
      "link": true
    },
    "node_modules/@socket.io/component-emitter": {
      "version": "3.1.2",
      "resolved": "https://registry.npmjs.org/@socket.io/component-emitter/-/component-emitter-3.1.2.tgz",
      "integrity": "sha512-9BCxFwvbGg/RsZK9tjXd8s4UcwR0MWeFQ1XEKIQVVvAGJyINdrqKMcTRyLoK8Rse1GjzLV9cwjWV1olXRWEXVA==",
      "license": "MIT"
    },
    "node_modules/@vitejs/plugin-vue": {
      "resolved": "../../node_modules/.pnpm/@vitejs+plugin-vue@5.2.4_vi_cab4c3fe18755e3e06923c9bcd89bd86/node_modules/@vitejs/plugin-vue",
      "link": true
    },
    "node_modules/axios": {
      "resolved": "../../node_modules/.pnpm/axios@1.16.1/node_modules/axios",
      "link": true
    },
    "node_modules/dayjs": {
      "resolved": "../../node_modules/.pnpm/dayjs@1.11.20/node_modules/dayjs",
      "link": true
    },
    "node_modules/debug": {
      "version": "4.4.3",
      "resolved": "https://registry.npmjs.org/debug/-/debug-4.4.3.tgz",
      "integrity": "sha512-RGwwWnwQvkVfavKVt22FGLw+xYSdzARwm0ru6DhTVA3umU5hZc28V3kO4stgYryrTlLpuvgI9GiijltAjNbcqA==",
      "license": "MIT",
      "dependencies": {
        "ms": "^2.1.3"
      },
      "engines": {
        "node": ">=6.0"
      },
      "peerDependenciesMeta": {
        "supports-color": {
          "optional": true
        }
      }
    },
    "node_modules/echarts": {
      "resolved": "../../node_modules/.pnpm/echarts@5.6.0/node_modules/echarts",
      "link": true
    },
    "node_modules/element-plus": {
      "resolved": "../../node_modules/.pnpm/element-plus@2.14.0_vue@3.5.34_typescript@5.9.3_/node_modules/element-plus",
      "link": true
    },
    "node_modules/engine.io-client": {
      "version": "6.6.4",
      "resolved": "https://registry.npmjs.org/engine.io-client/-/engine.io-client-6.6.4.tgz",
      "integrity": "sha512-+kjUJnZGwzewFDw951CDWcwj35vMNf2fcj7xQWOctq1F2i1jkDdVvdFG9kM/BEChymCH36KgjnW0NsL58JYRxw==",
      "license": "MIT",
      "dependencies": {
        "@socket.io/component-emitter": "~3.1.0",
        "debug": "~4.4.1",
        "engine.io-parser": "~5.2.1",
        "ws": "~8.18.3",
        "xmlhttprequest-ssl": "~2.1.1"
      }
    },
    "node_modules/engine.io-parser": {
      "version": "5.2.3",
      "resolved": "https://registry.npmjs.org/engine.io-parser/-/engine.io-parser-5.2.3.tgz",
      "integrity": "sha512-HqD3yTBfnBxIrbnM1DoD6Pcq8NECnh8d4As1Qgh0z5Gg3jRRIqijury0CL3ghu/edArpUYiYqQiDUQBIs4np3Q==",
      "license": "MIT",
      "engines": {
        "node": ">=10.0.0"
      }
    },
    "node_modules/ms": {
      "version": "2.1.3",
      "resolved": "https://registry.npmjs.org/ms/-/ms-2.1.3.tgz",
      "integrity": "sha512-6FlzubTLZG3J2a/NVCAleEhjzq5oxgHyaCU9yYXvcLsvoVaHJq/s5xXI6/XXP6tz7R9xAOtHnSO/tXtF3WRTlA==",
      "license": "MIT"
    },
    "node_modules/pinia": {
      "resolved": "../../node_modules/.pnpm/pinia@2.3.1_typescript@5.9.3_vue@3.5.34_typescript@5.9.3_/node_modules/pinia",
      "link": true
    },
    "node_modules/pinia-plugin-persistedstate": {
      "resolved": "../../node_modules/.pnpm/pinia-plugin-persistedstate_8fc0cb12b5126b38acbccbe8b915402f/node_modules/pinia-plugin-persistedstate",
      "link": true
    },
    "node_modules/socket.io-client": {
      "version": "4.8.3",
      "resolved": "https://registry.npmjs.org/socket.io-client/-/socket.io-client-4.8.3.tgz",
      "integrity": "sha512-uP0bpjWrjQmUt5DTHq9RuoCBdFJF10cdX9X+a368j/Ft0wmaVgxlrjvK3kjvgCODOMMOz9lcaRzxmso0bTWZ/g==",
      "license": "MIT",
      "dependencies": {
        "@socket.io/component-emitter": "~3.1.0",
        "debug": "~4.4.1",
        "engine.io-client": "~6.6.1",
        "socket.io-parser": "~4.2.4"
      },
      "engines": {
        "node": ">=10.0.0"
      }
    },
    "node_modules/socket.io-parser": {
      "version": "4.2.6",
      "resolved": "https://registry.npmjs.org/socket.io-parser/-/socket.io-parser-4.2.6.tgz",
      "integrity": "sha512-asJqbVBDsBCJx0pTqw3WfesSY0iRX+2xzWEWzrpcH7L6fLzrhyF8WPI8UaeM4YCuDfpwA/cgsdugMsmtz8EJeg==",
      "license": "MIT",
      "dependencies": {
        "@socket.io/component-emitter": "~3.1.0",
        "debug": "~4.4.1"
      },
      "engines": {
        "node": ">=10.0.0"
      }
    },
    "node_modules/typescript": {
      "resolved": "../../node_modules/.pnpm/typescript@5.9.3/node_modules/typescript",
      "link": true
    },
    "node_modules/unplugin-auto-import": {
      "resolved": "../../node_modules/.pnpm/unplugin-auto-import@0.17.8_fc310e8388b03f1702c537344e258970/node_modules/unplugin-auto-import",
      "link": true
    },
    "node_modules/unplugin-vue-components": {
      "resolved": "../../node_modules/.pnpm/unplugin-vue-components@0.2_61dd14881783c0313efc9ffefbf25755/node_modules/unplugin-vue-components",
      "link": true
    },
    "node_modules/vite": {
      "resolved": "../../node_modules/.pnpm/vite@5.4.21_@types+node@20.19.41_terser@5.47.1/node_modules/vite",
      "link": true
    },
    "node_modules/vue": {
      "resolved": "../../node_modules/.pnpm/vue@3.5.34_typescript@5.9.3/node_modules/vue",
      "link": true
    },
    "node_modules/vue-echarts": {
      "resolved": "../../node_modules/.pnpm/vue-echarts@6.7.3_@vue+runt_921c7deec5b522836fe64d8482251a4e/node_modules/vue-echarts",
      "link": true
    },
    "node_modules/vue-router": {
      "resolved": "../../node_modules/.pnpm/vue-router@4.6.4_vue@3.5.34_typescript@5.9.3_/node_modules/vue-router",
      "link": true
    },
    "node_modules/vue-tsc": {
      "resolved": "../../node_modules/.pnpm/vue-tsc@1.8.27_typescript@5.9.3/node_modules/vue-tsc",
      "link": true
    },
    "node_modules/ws": {
      "version": "8.18.3",
      "resolved": "https://registry.npmjs.org/ws/-/ws-8.18.3.tgz",
      "integrity": "sha512-PEIGCY5tSlUt50cqyMXfCzX+oOPqN0vuGqWzbcJ2xvnkzkq46oOpz7dQaTDBdfICb4N14+GARUDw2XV2N4tvzg==",
      "license": "MIT",
      "engines": {
        "node": ">=10.0.0"
      },
      "peerDependencies": {
        "bufferutil": "^4.0.1",
        "utf-8-validate": ">=5.0.2"
      },
      "peerDependenciesMeta": {
        "bufferutil": {
          "optional": true
        },
        "utf-8-validate": {
          "optional": true
        }
      }
    },
    "node_modules/xmlhttprequest-ssl": {
      "version": "2.1.2",
      "resolved": "https://registry.npmjs.org/xmlhttprequest-ssl/-/xmlhttprequest-ssl-2.1.2.tgz",
      "integrity": "sha512-TEU+nJVUUnA4CYJFLvK5X9AOeH4KvDvhIfm0vV1GaQRtchnG0hgK5p8hw/xjv8cunWYCsiPCSDzObPyhEwq3KQ==",
      "engines": {
        "node": ">=0.4.0"
      }
    }
  }
}
